
Microsoft Visual Studio Solution File, Format Version 12.00
# Visual Studio Version 17
VisualStudioVersion = 17.0.31912.275
MinimumVisualStudioVersion = 10.0.40219.1
Project("{FAE04EC0-301F-11D3-BF4B-00C04F79EFBC}") = "SantasWorkshop", "SantasWorkshop\SantasWorkshop.csproj", "{64BFC822-DF32-41F7-8A2D-6A5139634E22}"
EndProject
Global
	GlobalSection(SolutionConfigurationPlatforms) = preSolution
		Debug|Any CPU = Debug|Any CPU
		Release|Any CPU = Release|Any CPU
	EndGlobalSection
	GlobalSection(ProjectConfigurationPlatforms) = postSolution
		{64BFC822-DF32-41F7-8A2D-6A5139634E22}.Debug|Any CPU.ActiveCfg = Debug|Any CPU
		{64BFC822-DF32-41F7-8A2D-6A5139634E22}.Debug|Any CPU.Build.0 = Debug|Any CPU
		{64BFC822-DF32-41F7-8A2D-6A5139634E22}.Release|Any CPU.ActiveCfg = Release|Any CPU
		{64BFC822-DF32-41F7-8A2D-6A5139634E22}.Release|Any CPU.Build.0 = Release|Any CPU
	EndGlobalSection
	GlobalSection(SolutionProperties) = preSolution
		HideSolutionNode = FALSE
	EndGlobalSection
	GlobalSection(ExtensibilityGlobals) = postSolution
		SolutionGuid = {267C61B6-0744-4F5F-B90D-1178B09A822D}
	EndGlobalSection
EndGlobal
